
Microsoft Visual Studio Solution File, Format Version 12.00
# Visual Studio Version 16
VisualStudioVersion = 16.0.29201.188
MinimumVisualStudioVersion = 10.0.40219.1
Project("{2150E333-8FDC-42A3-9474-1A3956D46DE8}") = "Main Graphics Tutorials", "Main Graphics Tutorials", "{26FF1E94-61DD-4E24-A071-50FA11CAC038}"
EndProject
Project("{8BC9CEB8-8B4A-11D0-8D11-00A0C91BC942}") = "Tutorial 01 - Your First Triangle", "1) Your First Triangle\Tutorial1.vcxproj", "{061C02AD-EAAA-4BB1-9D23-1B1E55D0E924}"
	ProjectSection(ProjectDependencies) = postProject
		{98D6B51B-CB0A-4389-ADC6-24082B967C3F} = {98D6B51B-CB0A-4389-ADC6-24082B967C3F}
	EndProjectSection
EndProject
Project("{8BC9CEB8-8B4A-11D0-8D11-00A0C91BC942}") = "Tutorial 02 - Matrix transformations", "2) Matrix Transformations\Tutorial2.vcxproj", "{C5675B01-9FCD-47D7-BBCB-AC54444DFAF9}"
	ProjectSection(ProjectDependencies) = postProject
		{98D6B51B-CB0A-4389-ADC6-24082B967C3F} = {98D6B51B-CB0A-4389-ADC6-24082B967C3F}
	EndProjectSection
EndProject
Project("{8BC9CEB8-8B4A-11D0-8D11-00A0C91BC942}") = "Tutorial 03 - Texturing", "3) Texturing\Tutorial3.vcxproj", "{67A58E4E-A392-4FFF-9D65-F24BEEB0EC77}"
	ProjectSection(ProjectDependencies) = postProject
		{98D6B51B-CB0A-4389-ADC6-24082B967C3F} = {98D6B51B-CB0A-4389-ADC6-24082B967C3F}
	EndProjectSection
EndProject
Project("{8BC9CEB8-8B4A-11D0-8D11-00A0C91BC942}") = "Tutorial 04 - Depth and Transparency", "4) Depth & Transparency\Tutorial4.vcxproj", "{45EBBBBF-1252-40BA-8C99-68085713A623}"
	ProjectSection(ProjectDependencies) = postProject
		{98D6B51B-CB0A-4389-ADC6-24082B967C3F} = {98D6B51B-CB0A-4389-ADC6-24082B967C3F}
	EndProjectSection
EndProject
Project("{8BC9CEB8-8B4A-11D0-8D11-00A0C91BC942}") = "Tutorial 05 - Scissors and Stencils", "5) Stencils & Scissors\Tutorial5.vcxproj", "{E32F8803-372F-4674-A0E7-11E0FECF4B87}"
	ProjectSection(ProjectDependencies) = postProject
		{98D6B51B-CB0A-4389-ADC6-24082B967C3F} = {98D6B51B-CB0A-4389-ADC6-24082B967C3F}
	EndProjectSection
EndProject
Project("{8BC9CEB8-8B4A-11D0-8D11-00A0C91BC942}") = "Tutorial 06 - Scene Graph", "6) Scene Graph\Tutorial6.vcxproj", "{52CBA66E-8806-488E-9C6C-E0BBDEECFC2E}"
	ProjectSection(ProjectDependencies) = postProject
		{98D6B51B-CB0A-4389-ADC6-24082B967C3F} = {98D6B51B-CB0A-4389-ADC6-24082B967C3F}
	EndProjectSection
EndProject
Project("{8BC9CEB8-8B4A-11D0-8D11-00A0C91BC942}") = "Tutorial 07 - Scene Management", "7) Scene Management\Tutorial7.vcxproj", "{87B5801E-F373-4FD4-9CD4-A75E3B14039D}"
	ProjectSection(ProjectDependencies) = postProject
		{98D6B51B-CB0A-4389-ADC6-24082B967C3F} = {98D6B51B-CB0A-4389-ADC6-24082B967C3F}
	EndProjectSection
EndProject
Project("{8BC9CEB8-8B4A-11D0-8D11-00A0C91BC942}") = "Tutorial 08 - Index Buffers", "8) Index Buffers\Tutorial8.vcxproj", "{5844D912-7DC1-4A49-9F98-F7FE1C053563}"
	ProjectSection(ProjectDependencies) = postProject
		{98D6B51B-CB0A-4389-ADC6-24082B967C3F} = {98D6B51B-CB0A-4389-ADC6-24082B967C3F}
	EndProjectSection
EndProject
Project("{8BC9CEB8-8B4A-11D0-8D11-00A0C91BC942}") = "Tutorial 09 - Skeletal Animation", "9) Skeletal Animation\Tutorial9.vcxproj", "{9FB8682D-BD52-4B33-B37D-D6C2141B67DE}"
	ProjectSection(ProjectDependencies) = postProject
		{98D6B51B-CB0A-4389-ADC6-24082B967C3F} = {98D6B51B-CB0A-4389-ADC6-24082B967C3F}
	EndProjectSection
EndProject
Project("{8BC9CEB8-8B4A-11D0-8D11-00A0C91BC942}") = "Tutorial 10 - Post Processing", "10) Post Processing\Tutorial10.vcxproj", "{9D4EB641-9F16-458C-AA69-448DA2C2464E}"
EndProject
Project("{8BC9CEB8-8B4A-11D0-8D11-00A0C91BC942}") = "nclgl", "..\nclgl\nclgl.vcxproj", "{98D6B51B-CB0A-4389-ADC6-24082B967C3F}"
EndProject
Project("{8BC9CEB8-8B4A-11D0-8D11-00A0C91BC942}") = "Tutorial 11 - Real-time Lighting A", "11) Per Fragment Lighting A\Tutorial11.vcxproj", "{95F93172-8DC5-4E52-80B6-0D56624BD569}"
EndProject
Project("{8BC9CEB8-8B4A-11D0-8D11-00A0C91BC942}") = "Tutorial 12 - Real-time Lighting B", "12) Per Fragment Lighting B\Tutorial12.vcxproj", "{DC9F082D-63BA-4BD1-8A60-1BC13F745154}"
EndProject
Project("{8BC9CEB8-8B4A-11D0-8D11-00A0C91BC942}") = "Tutorial 13 - Cube Mapping", "13) Cube Mapping\Tutorial13.vcxproj", "{2E797EF1-6CA2-4611-BC4F-A3146AEBB468}"
EndProject
Project("{8BC9CEB8-8B4A-11D0-8D11-00A0C91BC942}") = "Tutorial 14 - Shadow Mapping", "14) Shadow Mapping\tutorial14.vcxproj", "{5E5378FE-275C-4B32-935D-22E7A4AD5AA3}"
EndProject
Project("{8BC9CEB8-8B4A-11D0-8D11-00A0C91BC942}") = "Tutorial 15 - Deferred Shading", "15) Deferred Shading\Tutorial15.vcxproj", "{55C75BC7-89C2-4B38-8118-CF8C26426E7A}"
EndProject
Project("{2150E333-8FDC-42A3-9474-1A3956D46DE8}") = "Graphics Coursework", "Graphics Coursework", "{B12FA29E-1613-4E55-9C1D-B7DCD8A760D8}"
EndProject
Project("{8BC9CEB8-8B4A-11D0-8D11-00A0C91BC942}") = "GraphicsCoursework", "Graphics Coursework\GraphicsCoursework.vcxproj", "{909A2CFC-6E55-4776-8B60-93B44103A9CF}"
EndProject
Project("{8BC9CEB8-8B4A-11D0-8D11-00A0C91BC942}") = "Extra - Drawing Text", "Extra - Drawing Text\Drawing Text.vcxproj", "{D0AFE823-365D-49D6-B9AD-B417C23A4D1A}"
EndProject
Global
	GlobalSection(SolutionConfigurationPlatforms) = preSolution
		Debug|Win32 = Debug|Win32
		Release|Win32 = Release|Win32
	EndGlobalSection
	GlobalSection(ProjectConfigurationPlatforms) = postSolution
		{061C02AD-EAAA-4BB1-9D23-1B1E55D0E924}.Debug|Win32.ActiveCfg = Debug|Win32
		{061C02AD-EAAA-4BB1-9D23-1B1E55D0E924}.Debug|Win32.Build.0 = Debug|Win32
		{061C02AD-EAAA-4BB1-9D23-1B1E55D0E924}.Release|Win32.ActiveCfg = Release|Win32
		{061C02AD-EAAA-4BB1-9D23-1B1E55D0E924}.Release|Win32.Build.0 = Release|Win32
		{C5675B01-9FCD-47D7-BBCB-AC54444DFAF9}.Debug|Win32.ActiveCfg = Debug|Win32
		{C5675B01-9FCD-47D7-BBCB-AC54444DFAF9}.Debug|Win32.Build.0 = Debug|Win32
		{C5675B01-9FCD-47D7-BBCB-AC54444DFAF9}.Release|Win32.ActiveCfg = Release|Win32
		{C5675B01-9FCD-47D7-BBCB-AC54444DFAF9}.Release|Win32.Build.0 = Release|Win32
		{67A58E4E-A392-4FFF-9D65-F24BEEB0EC77}.Debug|Win32.ActiveCfg = Debug|Win32
		{67A58E4E-A392-4FFF-9D65-F24BEEB0EC77}.Debug|Win32.Build.0 = Debug|Win32
		{67A58E4E-A392-4FFF-9D65-F24BEEB0EC77}.Release|Win32.ActiveCfg = Release|Win32
		{67A58E4E-A392-4FFF-9D65-F24BEEB0EC77}.Release|Win32.Build.0 = Release|Win32
		{45EBBBBF-1252-40BA-8C99-68085713A623}.Debug|Win32.ActiveCfg = Debug|Win32
		{45EBBBBF-1252-40BA-8C99-68085713A623}.Debug|Win32.Build.0 = Debug|Win32
		{45EBBBBF-1252-40BA-8C99-68085713A623}.Release|Win32.ActiveCfg = Release|Win32
		{45EBBBBF-1252-40BA-8C99-68085713A623}.Release|Win32.Build.0 = Release|Win32
		{E32F8803-372F-4674-A0E7-11E0FECF4B87}.Debug|Win32.ActiveCfg = Debug|Win32
		{E32F8803-372F-4674-A0E7-11E0FECF4B87}.Debug|Win32.Build.0 = Debug|Win32
		{E32F8803-372F-4674-A0E7-11E0FECF4B87}.Release|Win32.ActiveCfg = Release|Win32
		{E32F8803-372F-4674-A0E7-11E0FECF4B87}.Release|Win32.Build.0 = Release|Win32
		{52CBA66E-8806-488E-9C6C-E0BBDEECFC2E}.Debug|Win32.ActiveCfg = Debug|Win32
		{52CBA66E-8806-488E-9C6C-E0BBDEECFC2E}.Debug|Win32.Build.0 = Debug|Win32
		{52CBA66E-8806-488E-9C6C-E0BBDEECFC2E}.Release|Win32.ActiveCfg = Release|Win32
		{52CBA66E-8806-488E-9C6C-E0BBDEECFC2E}.Release|Win32.Build.0 = Release|Win32
		{87B5801E-F373-4FD4-9CD4-A75E3B14039D}.Debug|Win32.ActiveCfg = Debug|Win32
		{87B5801E-F373-4FD4-9CD4-A75E3B14039D}.Debug|Win32.Build.0 = Debug|Win32
		{87B5801E-F373-4FD4-9CD4-A75E3B14039D}.Release|Win32.ActiveCfg = Release|Win32
		{87B5801E-F373-4FD4-9CD4-A75E3B14039D}.Release|Win32.Build.0 = Release|Win32
		{5844D912-7DC1-4A49-9F98-F7FE1C053563}.Debug|Win32.ActiveCfg = Debug|Win32
		{5844D912-7DC1-4A49-9F98-F7FE1C053563}.Debug|Win32.Build.0 = Debug|Win32
		{5844D912-7DC1-4A49-9F98-F7FE1C053563}.Release|Win32.ActiveCfg = Release|Win32
		{5844D912-7DC1-4A49-9F98-F7FE1C053563}.Release|Win32.Build.0 = Release|Win32
		{9FB8682D-BD52-4B33-B37D-D6C2141B67DE}.Debug|Win32.ActiveCfg = Debug|Win32
		{9FB8682D-BD52-4B33-B37D-D6C2141B67DE}.Debug|Win32.Build.0 = Debug|Win32
		{9FB8682D-BD52-4B33-B37D-D6C2141B67DE}.Release|Win32.ActiveCfg = Release|Win32
		{9FB8682D-BD52-4B33-B37D-D6C2141B67DE}.Release|Win32.Build.0 = Release|Win32
		{9D4EB641-9F16-458C-AA69-448DA2C2464E}.Debug|Win32.ActiveCfg = Debug|Win32
		{9D4EB641-9F16-458C-AA69-448DA2C2464E}.Debug|Win32.Build.0 = Debug|Win32
		{9D4EB641-9F16-458C-AA69-448DA2C2464E}.Release|Win32.ActiveCfg = Release|Win32
		{9D4EB641-9F16-458C-AA69-448DA2C2464E}.Release|Win32.Build.0 = Release|Win32
		{98D6B51B-CB0A-4389-ADC6-24082B967C3F}.Debug|Win32.ActiveCfg = Debug|Win32
		{98D6B51B-CB0A-4389-ADC6-24082B967C3F}.Debug|Win32.Build.0 = Debug|Win32
		{98D6B51B-CB0A-4389-ADC6-24082B967C3F}.Release|Win32.ActiveCfg = Release|Win32
		{98D6B51B-CB0A-4389-ADC6-24082B967C3F}.Release|Win32.Build.0 = Release|Win32
		{95F93172-8DC5-4E52-80B6-0D56624BD569}.Debug|Win32.ActiveCfg = Debug|Win32
		{95F93172-8DC5-4E52-80B6-0D56624BD569}.Debug|Win32.Build.0 = Debug|Win32
		{95F93172-8DC5-4E52-80B6-0D56624BD569}.Release|Win32.ActiveCfg = Release|Win32
		{95F93172-8DC5-4E52-80B6-0D56624BD569}.Release|Win32.Build.0 = Release|Win32
		{DC9F082D-63BA-4BD1-8A60-1BC13F745154}.Debug|Win32.ActiveCfg = Debug|Win32
		{DC9F082D-63BA-4BD1-8A60-1BC13F745154}.Debug|Win32.Build.0 = Debug|Win32
		{DC9F082D-63BA-4BD1-8A60-1BC13F745154}.Release|Win32.ActiveCfg = Release|Win32
		{DC9F082D-63BA-4BD1-8A60-1BC13F745154}.Release|Win32.Build.0 = Release|Win32
		{2E797EF1-6CA2-4611-BC4F-A3146AEBB468}.Debug|Win32.ActiveCfg = Debug|Win32
		{2E797EF1-6CA2-4611-BC4F-A3146AEBB468}.Debug|Win32.Build.0 = Debug|Win32
		{2E797EF1-6CA2-4611-BC4F-A3146AEBB468}.Release|Win32.ActiveCfg = Release|Win32
		{2E797EF1-6CA2-4611-BC4F-A3146AEBB468}.Release|Win32.Build.0 = Release|Win32
		{5E5378FE-275C-4B32-935D-22E7A4AD5AA3}.Debug|Win32.ActiveCfg = Debug|Win32
		{5E5378FE-275C-4B32-935D-22E7A4AD5AA3}.Debug|Win32.Build.0 = Debug|Win32
		{5E5378FE-275C-4B32-935D-22E7A4AD5AA3}.Release|Win32.ActiveCfg = Release|Win32
		{5E5378FE-275C-4B32-935D-22E7A4AD5AA3}.Release|Win32.Build.0 = Release|Win32
		{55C75BC7-89C2-4B38-8118-CF8C26426E7A}.Debug|Win32.ActiveCfg = Debug|Win32
		{55C75BC7-89C2-4B38-8118-CF8C26426E7A}.Debug|Win32.Build.0 = Debug|Win32
		{55C75BC7-89C2-4B38-8118-CF8C26426E7A}.Release|Win32.ActiveCfg = Release|Win32
		{55C75BC7-89C2-4B38-8118-CF8C26426E7A}.Release|Win32.Build.0 = Release|Win32
		{909A2CFC-6E55-4776-8B60-93B44103A9CF}.Debug|Win32.ActiveCfg = Debug|Win32
		{909A2CFC-6E55-4776-8B60-93B44103A9CF}.Debug|Win32.Build.0 = Debug|Win32
		{909A2CFC-6E55-4776-8B60-93B44103A9CF}.Release|Win32.ActiveCfg = Release|Win32
		{909A2CFC-6E55-4776-8B60-93B44103A9CF}.Release|Win32.Build.0 = Release|Win32
		{D0AFE823-365D-49D6-B9AD-B417C23A4D1A}.Debug|Win32.ActiveCfg = Debug|Win32
		{D0AFE823-365D-49D6-B9AD-B417C23A4D1A}.Debug|Win32.Build.0 = Debug|Win32
		{D0AFE823-365D-49D6-B9AD-B417C23A4D1A}.Release|Win32.ActiveCfg = Release|Win32
		{D0AFE823-365D-49D6-B9AD-B417C23A4D1A}.Release|Win32.Build.0 = Release|Win32
	EndGlobalSection
	GlobalSection(SolutionProperties) = preSolution
		HideSolutionNode = FALSE
	EndGlobalSection
	GlobalSection(NestedProjects) = preSolution
		{061C02AD-EAAA-4BB1-9D23-1B1E55D0E924} = {26FF1E94-61DD-4E24-A071-50FA11CAC038}
		{C5675B01-9FCD-47D7-BBCB-AC54444DFAF9} = {26FF1E94-61DD-4E24-A071-50FA11CAC038}
		{67A58E4E-A392-4FFF-9D65-F24BEEB0EC77} = {26FF1E94-61DD-4E24-A071-50FA11CAC038}
		{45EBBBBF-1252-40BA-8C99-68085713A623} = {26FF1E94-61DD-4E24-A071-50FA11CAC038}
		{E32F8803-372F-4674-A0E7-11E0FECF4B87} = {26FF1E94-61DD-4E24-A071-50FA11CAC038}
		{52CBA66E-8806-488E-9C6C-E0BBDEECFC2E} = {26FF1E94-61DD-4E24-A071-50FA11CAC038}
		{87B5801E-F373-4FD4-9CD4-A75E3B14039D} = {26FF1E94-61DD-4E24-A071-50FA11CAC038}
		{5844D912-7DC1-4A49-9F98-F7FE1C053563} = {26FF1E94-61DD-4E24-A071-50FA11CAC038}
		{9FB8682D-BD52-4B33-B37D-D6C2141B67DE} = {26FF1E94-61DD-4E24-A071-50FA11CAC038}
		{9D4EB641-9F16-458C-AA69-448DA2C2464E} = {26FF1E94-61DD-4E24-A071-50FA11CAC038}
		{95F93172-8DC5-4E52-80B6-0D56624BD569} = {26FF1E94-61DD-4E24-A071-50FA11CAC038}
		{DC9F082D-63BA-4BD1-8A60-1BC13F745154} = {26FF1E94-61DD-4E24-A071-50FA11CAC038}
		{2E797EF1-6CA2-4611-BC4F-A3146AEBB468} = {26FF1E94-61DD-4E24-A071-50FA11CAC038}
		{5E5378FE-275C-4B32-935D-22E7A4AD5AA3} = {26FF1E94-61DD-4E24-A071-50FA11CAC038}
		{55C75BC7-89C2-4B38-8118-CF8C26426E7A} = {26FF1E94-61DD-4E24-A071-50FA11CAC038}
		{909A2CFC-6E55-4776-8B60-93B44103A9CF} = {B12FA29E-1613-4E55-9C1D-B7DCD8A760D8}
	EndGlobalSection
	GlobalSection(ExtensibilityGlobals) = postSolution
		SolutionGuid = {7621F3D3-B5CF-42E0-8443-A33E59BB86F9}
	EndGlobalSection
EndGlobal
